
Microsoft Visual Studio Solution File, Format Version 12.00
# Visual Studio Version 17
VisualStudioVersion = 17.6.33829.357
MinimumVisualStudioVersion = 10.0.40219.1
Project("{FAE04EC0-301F-11D3-BF4B-00C04F79EFBC}") = "CAptainFlix", "CAptainFlix\CAptainFlix.csproj", "{F82A39A2-5615-4AB0-AC49-7B6CD1C8EC56}"
EndProject
Global
	GlobalSection(SolutionConfigurationPlatforms) = preSolution
		Debug|Any CPU = Debug|Any CPU
		Release|Any CPU = Release|Any CPU
	EndGlobalSection
	GlobalSection(ProjectConfigurationPlatforms) = postSolution
		{F82A39A2-5615-4AB0-AC49-7B6CD1C8EC56}.Debug|Any CPU.ActiveCfg = Debug|Any CPU
		{F82A39A2-5615-4AB0-AC49-7B6CD1C8EC56}.Debug|Any CPU.Build.0 = Debug|Any CPU
		{F82A39A2-5615-4AB0-AC49-7B6CD1C8EC56}.Release|Any CPU.ActiveCfg = Release|Any CPU
		{F82A39A2-5615-4AB0-AC49-7B6CD1C8EC56}.Release|Any CPU.Build.0 = Release|Any CPU
	EndGlobalSection
	GlobalSection(SolutionProperties) = preSolution
		HideSolutionNode = FALSE
	EndGlobalSection
	GlobalSection(ExtensibilityGlobals) = postSolution
		SolutionGuid = {3A6CD573-D0CD-4C55-AD08-2B18CB00E208}
	EndGlobalSection
EndGlobal
